
Microsoft Visual Studio Solution File, Format Version 12.00
# Visual Studio Version 17
VisualStudioVersion = 17.0.32112.339
MinimumVisualStudioVersion = 10.0.40219.1
Project("{2150E333-8FDC-42A3-9474-1A3956D46DE8}") = "src", "src", "{F53AF5F4-4125-4EB9-AD5A-4E646064CC2E}"
EndProject
Project("{2150E333-8FDC-42A3-9474-1A3956D46DE8}") = "tests", "tests", "{F05CD705-BA10-416E-8100-D079808DC27E}"
EndProject
Project("{9A19103F-16F7-4668-BE54-9A1E7A4F7556}") = "VirtoCommerce.CatalogCsvImportModule.Core", "src\VirtoCommerce.CatalogCsvImportModule.Core\VirtoCommerce.CatalogCsvImportModule.Core.csproj", "{681A2884-CB0C-42D1-A1F7-EC17CA12B5C0}"
EndProject
Project("{9A19103F-16F7-4668-BE54-9A1E7A4F7556}") = "VirtoCommerce.CatalogCsvImportModule.Data", "src\VirtoCommerce.CatalogCsvImportModule.Data\VirtoCommerce.CatalogCsvImportModule.Data.csproj", "{A7C31AAB-EF6F-4879-9A8C-E2DDBA4D1714}"
EndProject
Project("{9A19103F-16F7-4668-BE54-9A1E7A4F7556}") = "VirtoCommerce.CatalogCsvImportModule.Web", "src\VirtoCommerce.CatalogCsvImportModule.Web\VirtoCommerce.CatalogCsvImportModule.Web.csproj", "{3DD1152B-6FCA-4D63-B6FE-FA7586B0AB01}"
EndProject
Project("{9A19103F-16F7-4668-BE54-9A1E7A4F7556}") = "VirtoCommerce.CatalogCsvImportModule.Tests", "tests\VirtoCommerce.CatalogCsvImportModule.Test\VirtoCommerce.CatalogCsvImportModule.Tests.csproj", "{DB77F914-5A33-4FA9-B330-44C41CF6E115}"
EndProject
Global
	GlobalSection(SolutionConfigurationPlatforms) = preSolution
		Debug|Any CPU = Debug|Any CPU
		Release|Any CPU = Release|Any CPU
	EndGlobalSection
	GlobalSection(ProjectConfigurationPlatforms) = postSolution
		{681A2884-CB0C-42D1-A1F7-EC17CA12B5C0}.Debug|Any CPU.ActiveCfg = Debug|Any CPU
		{681A2884-CB0C-42D1-A1F7-EC17CA12B5C0}.Debug|Any CPU.Build.0 = Debug|Any CPU
		{681A2884-CB0C-42D1-A1F7-EC17CA12B5C0}.Release|Any CPU.ActiveCfg = Release|Any CPU
		{681A2884-CB0C-42D1-A1F7-EC17CA12B5C0}.Release|Any CPU.Build.0 = Release|Any CPU
		{A7C31AAB-EF6F-4879-9A8C-E2DDBA4D1714}.Debug|Any CPU.ActiveCfg = Debug|Any CPU
		{A7C31AAB-EF6F-4879-9A8C-E2DDBA4D1714}.Debug|Any CPU.Build.0 = Debug|Any CPU
		{A7C31AAB-EF6F-4879-9A8C-E2DDBA4D1714}.Release|Any CPU.ActiveCfg = Release|Any CPU
		{A7C31AAB-EF6F-4879-9A8C-E2DDBA4D1714}.Release|Any CPU.Build.0 = Release|Any CPU
		{3DD1152B-6FCA-4D63-B6FE-FA7586B0AB01}.Debug|Any CPU.ActiveCfg = Debug|Any CPU
		{3DD1152B-6FCA-4D63-B6FE-FA7586B0AB01}.Debug|Any CPU.Build.0 = Debug|Any CPU
		{3DD1152B-6FCA-4D63-B6FE-FA7586B0AB01}.Release|Any CPU.ActiveCfg = Release|Any CPU
		{3DD1152B-6FCA-4D63-B6FE-FA7586B0AB01}.Release|Any CPU.Build.0 = Release|Any CPU
		{DB77F914-5A33-4FA9-B330-44C41CF6E115}.Debug|Any CPU.ActiveCfg = Debug|Any CPU
		{DB77F914-5A33-4FA9-B330-44C41CF6E115}.Debug|Any CPU.Build.0 = Debug|Any CPU
		{DB77F914-5A33-4FA9-B330-44C41CF6E115}.Release|Any CPU.ActiveCfg = Release|Any CPU
		{DB77F914-5A33-4FA9-B330-44C41CF6E115}.Release|Any CPU.Build.0 = Release|Any CPU
	EndGlobalSection
	GlobalSection(SolutionProperties) = preSolution
		HideSolutionNode = FALSE
	EndGlobalSection
	GlobalSection(NestedProjects) = preSolution
		{681A2884-CB0C-42D1-A1F7-EC17CA12B5C0} = {F53AF5F4-4125-4EB9-AD5A-4E646064CC2E}
		{A7C31AAB-EF6F-4879-9A8C-E2DDBA4D1714} = {F53AF5F4-4125-4EB9-AD5A-4E646064CC2E}
		{3DD1152B-6FCA-4D63-B6FE-FA7586B0AB01} = {F53AF5F4-4125-4EB9-AD5A-4E646064CC2E}
		{DB77F914-5A33-4FA9-B330-44C41CF6E115} = {F05CD705-BA10-416E-8100-D079808DC27E}
	EndGlobalSection
	GlobalSection(ExtensibilityGlobals) = postSolution
		SolutionGuid = {FEE9E9BA-354E-4D46-9D53-D1D29C6330E9}
	EndGlobalSection
EndGlobal
